// !$*UTF8*$!
{
	archiveVersion = 1;
	classes = {
	};
	objectVersion = 56;
	objects = {

/* Begin PBXBuildFile section */
		4E3F9EF32AEF13F8005BEB7D /* TabBarViewController.swift in Sources */ = {isa = PBXBuildFile; fileRef = 4E3F9EF22AEF13F8005BEB7D /* TabBarViewController.swift */; };
		4E3F9EF52AEF16D2005BEB7D /* HomeViewController.swift in Sources */ = {isa = PBXBuildFile; fileRef = 4E3F9EF42AEF16D2005BEB7D /* HomeViewController.swift */; };
		4E3F9EF72AEF1704005BEB7D /* HistoryViewController.swift in Sources */ = {isa = PBXBuildFile; fileRef = 4E3F9EF62AEF1704005BEB7D /* HistoryViewController.swift */; };
		4E3F9EF92AF1BABC005BEB7D /* GradientView.swift in Sources */ = {isa = PBXBuildFile; fileRef = 4E3F9EF82AF1BABC005BEB7D /* GradientView.swift */; };
		4EBAE7522AEBF19100C7FE5C /* AppDelegate.swift in Sources */ = {isa = PBXBuildFile; fileRef = 4EBAE7512AEBF19100C7FE5C /* AppDelegate.swift */; };
		4EBAE7542AEBF19100C7FE5C /* SceneDelegate.swift in Sources */ = {isa = PBXBuildFile; fileRef = 4EBAE7532AEBF19100C7FE5C /* SceneDelegate.swift */; };
		4EBAE75B2AEBF19100C7FE5C /* Assets.xcassets in Resources */ = {isa = PBXBuildFile; fileRef = 4EBAE75A2AEBF19100C7FE5C /* Assets.xcassets */; };
		4EBAE75E2AEBF19100C7FE5C /* LaunchScreen.storyboard in Resources */ = {isa = PBXBuildFile; fileRef = 4EBAE75C2AEBF19100C7FE5C /* LaunchScreen.storyboard */; };
		4EBAE7692AEBF19200C7FE5C /* RunAwesomeTests.swift in Sources */ = {isa = PBXBuildFile; fileRef = 4EBAE7682AEBF19200C7FE5C /* RunAwesomeTests.swift */; };
		4EBAE7732AEBF19200C7FE5C /* RunAwesomeUITests.swift in Sources */ = {isa = PBXBuildFile; fileRef = 4EBAE7722AEBF19200C7FE5C /* RunAwesomeUITests.swift */; };
		4EBAE7752AEBF19200C7FE5C /* RunAwesomeUITestsLaunchTests.swift in Sources */ = {isa = PBXBuildFile; fileRef = 4EBAE7742AEBF19200C7FE5C /* RunAwesomeUITestsLaunchTests.swift */; };
		4EBAE7882AEBF50200C7FE5C /* BaseViewController.swift in Sources */ = {isa = PBXBuildFile; fileRef = 4EBAE7872AEBF50200C7FE5C /* BaseViewController.swift */; };
/* End PBXBuildFile section */

/* Begin PBXContainerItemProxy section */
		4EBAE7652AEBF19200C7FE5C /* PBXContainerItemProxy */ = {
			isa = PBXContainerItemProxy;
			containerPortal = 4EBAE7462AEBF19100C7FE5C /* Project object */;
			proxyType = 1;
			remoteGlobalIDString = 4EBAE74D2AEBF19100C7FE5C;
			remoteInfo = RunAwesome;
		};
		4EBAE76F2AEBF19200C7FE5C /* PBXContainerItemProxy */ = {
			isa = PBXContainerItemProxy;
			containerPortal = 4EBAE7462AEBF19100C7FE5C /* Project object */;
			proxyType = 1;
			remoteGlobalIDString = 4EBAE74D2AEBF19100C7FE5C;
			remoteInfo = RunAwesome;
		};
/* End PBXContainerItemProxy section */

/* Begin PBXFileReference section */
		4E3F9EF22AEF13F8005BEB7D /* TabBarViewController.swift */ = {isa = PBXFileReference; lastKnownFileType = sourcecode.swift; path = TabBarViewController.swift; sourceTree = "<group>"; };
		4E3F9EF42AEF16D2005BEB7D /* HomeViewController.swift */ = {isa = PBXFileReference; lastKnownFileType = sourcecode.swift; path = HomeViewController.swift; sourceTree = "<group>"; };
		4E3F9EF62AEF1704005BEB7D /* HistoryViewController.swift */ = {isa = PBXFileReference; lastKnownFileType = sourcecode.swift; path = HistoryViewController.swift; sourceTree = "<group>"; };
		4E3F9EF82AF1BABC005BEB7D /* GradientView.swift */ = {isa = PBXFileReference; lastKnownFileType = sourcecode.swift; path = GradientView.swift; sourceTree = "<group>"; };
		4EBAE74E2AEBF19100C7FE5C /* RunAwesome.app */ = {isa = PBXFileReference; explicitFileType = wrapper.application; includeInIndex = 0; path = RunAwesome.app; sourceTree = BUILT_PRODUCTS_DIR; };
		4EBAE7512AEBF19100C7FE5C /* AppDelegate.swift */ = {isa = PBXFileReference; lastKnownFileType = sourcecode.swift; path = AppDelegate.swift; sourceTree = "<group>"; };
		4EBAE7532AEBF19100C7FE5C /* SceneDelegate.swift */ = {isa = PBXFileReference; lastKnownFileType = sourcecode.swift; path = SceneDelegate.swift; sourceTree = "<group>"; };
		4EBAE75A2AEBF19100C7FE5C /* Assets.xcassets */ = {isa = PBXFileReference; lastKnownFileType = folder.assetcatalog; path = Assets.xcassets; sourceTree = "<group>"; };
		4EBAE75D2AEBF19100C7FE5C /* Base */ = {isa = PBXFileReference; lastKnownFileType = file.storyboard; name = Base; path = Base.lproj/LaunchScreen.storyboard; sourceTree = "<group>"; };
		4EBAE75F2AEBF19100C7FE5C /* Info.plist */ = {isa = PBXFileReference; lastKnownFileType = text.plist.xml; path = Info.plist; sourceTree = "<group>"; };
		4EBAE7642AEBF19200C7FE5C /* RunAwesomeTests.xctest */ = {isa = PBXFileReference; explicitFileType = wrapper.cfbundle; includeInIndex = 0; path = RunAwesomeTests.xctest; sourceTree = BUILT_PRODUCTS_DIR; };
		4EBAE7682AEBF19200C7FE5C /* RunAwesomeTests.swift */ = {isa = PBXFileReference; lastKnownFileType = sourcecode.swift; path = RunAwesomeTests.swift; sourceTree = "<group>"; };
		4EBAE76E2AEBF19200C7FE5C /* RunAwesomeUITests.xctest */ = {isa = PBXFileReference; explicitFileType = wrapper.cfbundle; includeInIndex = 0; path = RunAwesomeUITests.xctest; sourceTree = BUILT_PRODUCTS_DIR; };
		4EBAE7722AEBF19200C7FE5C /* RunAwesomeUITests.swift */ = {isa = PBXFileReference; lastKnownFileType = sourcecode.swift; path = RunAwesomeUITests.swift; sourceTree = "<group>"; };
		4EBAE7742AEBF19200C7FE5C /* RunAwesomeUITestsLaunchTests.swift */ = {isa = PBXFileReference; lastKnownFileType = sourcecode.swift; path = RunAwesomeUITestsLaunchTests.swift; sourceTree = "<group>"; };
		4EBAE7872AEBF50200C7FE5C /* BaseViewController.swift */ = {isa = PBXFileReference; lastKnownFileType = sourcecode.swift; path = BaseViewController.swift; sourceTree = "<group>"; };
/* End PBXFileReference section */

/* Begin PBXFrameworksBuildPhase section */
		4EBAE74B2AEBF19100C7FE5C /* Frameworks */ = {
			isa = PBXFrameworksBuildPhase;
			buildActionMask = 2147483647;
			files = (
			);
			runOnlyForDeploymentPostprocessing = 0;
		};
		4EBAE7612AEBF19200C7FE5C /* Frameworks */ = {
			isa = PBXFrameworksBuildPhase;
			buildActionMask = 2147483647;
			files = (
			);
			runOnlyForDeploymentPostprocessing = 0;
		};
		4EBAE76B2AEBF19200C7FE5C /* Frameworks */ = {
			isa = PBXFrameworksBuildPhase;
			buildActionMask = 2147483647;
			files = (
			);
			runOnlyForDeploymentPostprocessing = 0;
		};
/* End PBXFrameworksBuildPhase section */

/* Begin PBXGroup section */
		4EBAE7452AEBF19100C7FE5C = {
			isa = PBXGroup;
			children = (
				4EBAE7502AEBF19100C7FE5C /* RunAwesome */,
				4EBAE7672AEBF19200C7FE5C /* RunAwesomeTests */,
				4EBAE7712AEBF19200C7FE5C /* RunAwesomeUITests */,
				4EBAE74F2AEBF19100C7FE5C /* Products */,
			);
			sourceTree = "<group>";
		};
		4EBAE74F2AEBF19100C7FE5C /* Products */ = {
			isa = PBXGroup;
			children = (
				4EBAE74E2AEBF19100C7FE5C /* RunAwesome.app */,
				4EBAE7642AEBF19200C7FE5C /* RunAwesomeTests.xctest */,
				4EBAE76E2AEBF19200C7FE5C /* RunAwesomeUITests.xctest */,
			);
			name = Products;
			sourceTree = "<group>";
		};
		4EBAE7502AEBF19100C7FE5C /* RunAwesome */ = {
			isa = PBXGroup;
			children = (
				4EBAE7862AEBF4E700C7FE5C /* ViewControllers */,
				4EBAE7842AEBF4DD00C7FE5C /* Views */,
				4EBAE7822AEBF48800C7FE5C /* Helpers */,
				4EBAE7812AEBF2B200C7FE5C /* AppStuff */,
			);
			path = RunAwesome;
			sourceTree = "<group>";
		};
		4EBAE7672AEBF19200C7FE5C /* RunAwesomeTests */ = {
			isa = PBXGroup;
			children = (
				4EBAE7682AEBF19200C7FE5C /* RunAwesomeTests.swift */,
			);
			path = RunAwesomeTests;
			sourceTree = "<group>";
		};
		4EBAE7712AEBF19200C7FE5C /* RunAwesomeUITests */ = {
			isa = PBXGroup;
			children = (
				4EBAE7722AEBF19200C7FE5C /* RunAwesomeUITests.swift */,
				4EBAE7742AEBF19200C7FE5C /* RunAwesomeUITestsLaunchTests.swift */,
			);
			path = RunAwesomeUITests;
			sourceTree = "<group>";
		};
		4EBAE7812AEBF2B200C7FE5C /* AppStuff */ = {
			isa = PBXGroup;
			children = (
				4EBAE7512AEBF19100C7FE5C /* AppDelegate.swift */,
				4EBAE7532AEBF19100C7FE5C /* SceneDelegate.swift */,
				4EBAE75A2AEBF19100C7FE5C /* Assets.xcassets */,
				4EBAE75C2AEBF19100C7FE5C /* LaunchScreen.storyboard */,
				4EBAE75F2AEBF19100C7FE5C /* Info.plist */,
			);
			path = AppStuff;
			sourceTree = "<group>";
		};
		4EBAE7822AEBF48800C7FE5C /* Helpers */ = {
			isa = PBXGroup;
			children = (
				4E3F9EF22AEF13F8005BEB7D /* TabBarViewController.swift */,
			);
			path = Helpers;
			sourceTree = "<group>";
		};
		4EBAE7842AEBF4DD00C7FE5C /* Views */ = {
			isa = PBXGroup;
			children = (
				4E3F9EF82AF1BABC005BEB7D /* GradientView.swift */,
			);
			path = Views;
			sourceTree = "<group>";
		};
		4EBAE7862AEBF4E700C7FE5C /* ViewControllers */ = {
			isa = PBXGroup;
			children = (
				4EBAE7872AEBF50200C7FE5C /* BaseViewController.swift */,
				4E3F9EF42AEF16D2005BEB7D /* HomeViewController.swift */,
				4E3F9EF62AEF1704005BEB7D /* HistoryViewController.swift */,
			);
			path = ViewControllers;
			sourceTree = "<group>";
		};
/* End PBXGroup section */

/* Begin PBXNativeTarget section */
		4EBAE74D2AEBF19100C7FE5C /* RunAwesome */ = {
			isa = PBXNativeTarget;
			buildConfigurationList = 4EBAE7782AEBF19200C7FE5C /* Build configuration list for PBXNativeTarget "RunAwesome" */;
			buildPhases = (
				4EBAE74A2AEBF19100C7FE5C /* Sources */,
				4EBAE74B2AEBF19100C7FE5C /* Frameworks */,
				4EBAE74C2AEBF19100C7FE5C /* Resources */,
			);
			buildRules = (
			);
			dependencies = (
			);
			name = RunAwesome;
			productName = RunAwesome;
			productReference = 4EBAE74E2AEBF19100C7FE5C /* RunAwesome.app */;
			productType = "com.apple.product-type.application";
		};
		4EBAE7632AEBF19200C7FE5C /* RunAwesomeTests */ = {
			isa = PBXNativeTarget;
			buildConfigurationList = 4EBAE77B2AEBF19200C7FE5C /* Build configuration list for PBXNativeTarget "RunAwesomeTests" */;
			buildPhases = (
				4EBAE7602AEBF19200C7FE5C /* Sources */,
				4EBAE7612AEBF19200C7FE5C /* Frameworks */,
				4EBAE7622AEBF19200C7FE5C /* Resources */,
			);
			buildRules = (
			);
			dependencies = (
				4EBAE7662AEBF19200C7FE5C /* PBXTargetDependency */,
			);
			name = RunAwesomeTests;
			productName = RunAwesomeTests;
			productReference = 4EBAE7642AEBF19200C7FE5C /* RunAwesomeTests.xctest */;
			productType = "com.apple.product-type.bundle.unit-test";
		};
		4EBAE76D2AEBF19200C7FE5C /* RunAwesomeUITests */ = {
			isa = PBXNativeTarget;
			buildConfigurationList = 4EBAE77E2AEBF19200C7FE5C /* Build configuration list for PBXNativeTarget "RunAwesomeUITests" */;
			buildPhases = (
				4EBAE76A2AEBF19200C7FE5C /* Sources */,
				4EBAE76B2AEBF19200C7FE5C /* Frameworks */,
				4EBAE76C2AEBF19200C7FE5C /* Resources */,
			);
			buildRules = (
			);
			dependencies = (
				4EBAE7702AEBF19200C7FE5C /* PBXTargetDependency */,
			);
			name = RunAwesomeUITests;
			productName = RunAwesomeUITests;
			productReference = 4EBAE76E2AEBF19200C7FE5C /* RunAwesomeUITests.xctest */;
			productType = "com.apple.product-type.bundle.ui-testing";
		};
/* End PBXNativeTarget section */

/* Begin PBXProject section */
		4EBAE7462AEBF19100C7FE5C /* Project object */ = {
			isa = PBXProject;
			attributes = {
				BuildIndependentTargetsInParallel = 1;
				LastSwiftUpdateCheck = 1500;
				LastUpgradeCheck = 1500;
				TargetAttributes = {
					4EBAE74D2AEBF19100C7FE5C = {
						CreatedOnToolsVersion = 15.0.1;
					};
					4EBAE7632AEBF19200C7FE5C = {
						CreatedOnToolsVersion = 15.0.1;
						TestTargetID = 4EBAE74D2AEBF19100C7FE5C;
					};
					4EBAE76D2AEBF19200C7FE5C = {
						CreatedOnToolsVersion = 15.0.1;
						TestTargetID = 4EBAE74D2AEBF19100C7FE5C;
					};
				};
			};
			buildConfigurationList = 4EBAE7492AEBF19100C7FE5C /* Build configuration list for PBXProject "RunAwesome" */;
			compatibilityVersion = "Xcode 14.0";
			developmentRegion = en;
			hasScannedForEncodings = 0;
			knownRegions = (
				en,
				Base,
			);
			mainGroup = 4EBAE7452AEBF19100C7FE5C;
			productRefGroup = 4EBAE74F2AEBF19100C7FE5C /* Products */;
			projectDirPath = "";
			projectRoot = "";
			targets = (
				4EBAE74D2AEBF19100C7FE5C /* RunAwesome */,
				4EBAE7632AEBF19200C7FE5C /* RunAwesomeTests */,
				4EBAE76D2AEBF19200C7FE5C /* RunAwesomeUITests */,
			);
		};
/* End PBXProject section */

/* Begin PBXResourcesBuildPhase section */
		4EBAE74C2AEBF19100C7FE5C /* Resources */ = {
			isa = PBXResourcesBuildPhase;
			buildActionMask = 2147483647;
			files = (
				4EBAE75E2AEBF19100C7FE5C /* LaunchScreen.storyboard in Resources */,
				4EBAE75B2AEBF19100C7FE5C /* Assets.xcassets in Resources */,
			);
			runOnlyForDeploymentPostprocessing = 0;
		};
		4EBAE7622AEBF19200C7FE5C /* Resources */ = {
			isa = PBXResourcesBuildPhase;
			buildActionMask = 2147483647;
			files = (
			);
			runOnlyForDeploymentPostprocessing = 0;
		};
		4EBAE76C2AEBF19200C7FE5C /* Resources */ = {
			isa = PBXResourcesBuildPhase;
			buildActionMask = 2147483647;
			files = (
			);
			runOnlyForDeploymentPostprocessing = 0;
		};
/* End PBXResourcesBuildPhase section */

/* Begin PBXSourcesBuildPhase section */
		4EBAE74A2AEBF19100C7FE5C /* Sources */ = {
			isa = PBXSourcesBuildPhase;
			buildActionMask = 2147483647;
			files = (
				4E3F9EF52AEF16D2005BEB7D /* HomeViewController.swift in Sources */,
				4E3F9EF32AEF13F8005BEB7D /* TabBarViewController.swift in Sources */,
				4EBAE7522AEBF19100C7FE5C /* AppDelegate.swift in Sources */,
				4E3F9EF72AEF1704005BEB7D /* HistoryViewController.swift in Sources */,
				4E3F9EF92AF1BABC005BEB7D /* GradientView.swift in Sources */,
				4EBAE7542AEBF19100C7FE5C /* SceneDelegate.swift in Sources */,
				4EBAE7882AEBF50200C7FE5C /* BaseViewController.swift in Sources */,
			);
			runOnlyForDeploymentPostprocessing = 0;
		};
		4EBAE7602AEBF19200C7FE5C /* Sources */ = {
			isa = PBXSourcesBuildPhase;
			buildActionMask = 2147483647;
			files = (
				4EBAE7692AEBF19200C7FE5C /* RunAwesomeTests.swift in Sources */,
			);
			runOnlyForDeploymentPostprocessing = 0;
		};
		4EBAE76A2AEBF19200C7FE5C /* Sources */ = {
			isa = PBXSourcesBuildPhase;
			buildActionMask = 2147483647;
			files = (
				4EBAE7752AEBF19200C7FE5C /* RunAwesomeUITestsLaunchTests.swift in Sources */,
				4EBAE7732AEBF19200C7FE5C /* RunAwesomeUITests.swift in Sources */,
			);
			runOnlyForDeploymentPostprocessing = 0;
		};
/* End PBXSourcesBuildPhase section */

/* Begin PBXTargetDependency section */
		4EBAE7662AEBF19200C7FE5C /* PBXTargetDependency */ = {
			isa = PBXTargetDependency;
			target = 4EBAE74D2AEBF19100C7FE5C /* RunAwesome */;
			targetProxy = 4EBAE7652AEBF19200C7FE5C /* PBXContainerItemProxy */;
		};
		4EBAE7702AEBF19200C7FE5C /* PBXTargetDependency */ = {
			isa = PBXTargetDependency;
			target = 4EBAE74D2AEBF19100C7FE5C /* RunAwesome */;
			targetProxy = 4EBAE76F2AEBF19200C7FE5C /* PBXContainerItemProxy */;
		};
/* End PBXTargetDependency section */

/* Begin PBXVariantGroup section */
		4EBAE75C2AEBF19100C7FE5C /* LaunchScreen.storyboard */ = {
			isa = PBXVariantGroup;
			children = (
				4EBAE75D2AEBF19100C7FE5C /* Base */,
			);
			name = LaunchScreen.storyboard;
			sourceTree = "<group>";
		};
/* End PBXVariantGroup section */

/* Begin XCBuildConfiguration section */
		4EBAE7762AEBF19200C7FE5C /* Debug */ = {
			isa = XCBuildConfiguration;
			buildSettings = {
				ALWAYS_SEARCH_USER_PATHS = NO;
				ASSETCATALOG_COMPILER_GENERATE_SWIFT_ASSET_SYMBOL_EXTENSIONS = YES;
				CLANG_ANALYZER_NONNULL = YES;
				CLANG_ANALYZER_NUMBER_OBJECT_CONVERSION = YES_AGGRESSIVE;
				CLANG_CXX_LANGUAGE_STANDARD = "gnu++20";
				CLANG_ENABLE_MODULES = YES;
				CLANG_ENABLE_OBJC_ARC = YES;
				CLANG_ENABLE_OBJC_WEAK = YES;
				CLANG_WARN_BLOCK_CAPTURE_AUTORELEASING = YES;
				CLANG_WARN_BOOL_CONVERSION = YES;
				CLANG_WARN_COMMA = YES;
				CLANG_WARN_CONSTANT_CONVERSION = YES;
				CLANG_WARN_DEPRECATED_OBJC_IMPLEMENTATIONS = YES;
				CLANG_WARN_DIRECT_OBJC_ISA_USAGE = YES_ERROR;
				CLANG_WARN_DOCUMENTATION_COMMENTS = YES;
				CLANG_WARN_EMPTY_BODY = YES;
				CLANG_WARN_ENUM_CONVERSION = YES;
				CLANG_WARN_INFINITE_RECURSION = YES;
				CLANG_WARN_INT_CONVERSION = YES;
				CLANG_WARN_NON_LITERAL_NULL_CONVERSION = YES;
				CLANG_WARN_OBJC_IMPLICIT_RETAIN_SELF = YES;
				CLANG_WARN_OBJC_LITERAL_CONVERSION = YES;
				CLANG_WARN_OBJC_ROOT_CLASS = YES_ERROR;
				CLANG_WARN_QUOTED_INCLUDE_IN_FRAMEWORK_HEADER = YES;
				CLANG_WARN_RANGE_LOOP_ANALYSIS = YES;
				CLANG_WARN_STRICT_PROTOTYPES = YES;
				CLANG_WARN_SUSPICIOUS_MOVE = YES;
				CLANG_WARN_UNGUARDED_AVAILABILITY = YES_AGGRESSIVE;
				CLANG_WARN_UNREACHABLE_CODE = YES;
				CLANG_WARN__DUPLICATE_METHOD_MATCH = YES;
				COPY_PHASE_STRIP = NO;
				DEBUG_INFORMATION_FORMAT = dwarf;
				ENABLE_STRICT_OBJC_MSGSEND = YES;
				ENABLE_TESTABILITY = YES;
				ENABLE_USER_SCRIPT_SANDBOXING = YES;
				GCC_C_LANGUAGE_STANDARD = gnu17;
				GCC_DYNAMIC_NO_PIC = NO;
				GCC_NO_COMMON_BLOCKS = YES;
				GCC_OPTIMIZATION_LEVEL = 0;
				GCC_PREPROCESSOR_DEFINITIONS = (
					"DEBUG=1",
					"$(inherited)",
				);
				GCC_WARN_64_TO_32_BIT_CONVERSION = YES;
				GCC_WARN_ABOUT_RETURN_TYPE = YES_ERROR;
				GCC_WARN_UNDECLARED_SELECTOR = YES;
				GCC_WARN_UNINITIALIZED_AUTOS = YES_AGGRESSIVE;
				GCC_WARN_UNUSED_FUNCTION = YES;
				GCC_WARN_UNUSED_VARIABLE = YES;
				IPHONEOS_DEPLOYMENT_TARGET = 17.0;
				LOCALIZATION_PREFERS_STRING_CATALOGS = YES;
				MTL_ENABLE_DEBUG_INFO = INCLUDE_SOURCE;
				MTL_FAST_MATH = YES;
				ONLY_ACTIVE_ARCH = YES;
				SDKROOT = iphoneos;
				SWIFT_ACTIVE_COMPILATION_CONDITIONS = "DEBUG $(inherited)";
				SWIFT_OPTIMIZATION_LEVEL = "-Onone";
			};
			name = Debug;
		};
		4EBAE7772AEBF19200C7FE5C /* Release */ = {
			isa = XCBuildConfiguration;
			buildSettings = {
				ALWAYS_SEARCH_USER_PATHS = NO;
				ASSETCATALOG_COMPILER_GENERATE_SWIFT_ASSET_SYMBOL_EXTENSIONS = YES;
				CLANG_ANALYZER_NONNULL = YES;
				CLANG_ANALYZER_NUMBER_OBJECT_CONVERSION = YES_AGGRESSIVE;
				CLANG_CXX_LANGUAGE_STANDARD = "gnu++20";
				CLANG_ENABLE_MODULES = YES;
				CLANG_ENABLE_OBJC_ARC = YES;
				CLANG_ENABLE_OBJC_WEAK = YES;
				CLANG_WARN_BLOCK_CAPTURE_AUTORELEASING = YES;
				CLANG_WARN_BOOL_CONVERSION = YES;
				CLANG_WARN_COMMA = YES;
				CLANG_WARN_CONSTANT_CONVERSION = YES;
				CLANG_WARN_DEPRECATED_OBJC_IMPLEMENTATIONS = YES;
				CLANG_WARN_DIRECT_OBJC_ISA_USAGE = YES_ERROR;
				CLANG_WARN_DOCUMENTATION_COMMENTS = YES;
				CLANG_WARN_EMPTY_BODY = YES;
				CLANG_WARN_ENUM_CONVERSION = YES;
				CLANG_WARN_INFINITE_RECURSION = YES;
				CLANG_WARN_INT_CONVERSION = YES;
				CLANG_WARN_NON_LITERAL_NULL_CONVERSION = YES;
				CLANG_WARN_OBJC_IMPLICIT_RETAIN_SELF = YES;
				CLANG_WARN_OBJC_LITERAL_CONVERSION = YES;
				CLANG_WARN_OBJC_ROOT_CLASS = YES_ERROR;
				CLANG_WARN_QUOTED_INCLUDE_IN_FRAMEWORK_HEADER = YES;
				CLANG_WARN_RANGE_LOOP_ANALYSIS = YES;
				CLANG_WARN_STRICT_PROTOTYPES = YES;
				CLANG_WARN_SUSPICIOUS_MOVE = YES;
				CLANG_WARN_UNGUARDED_AVAILABILITY = YES_AGGRESSIVE;
				CLANG_WARN_UNREACHABLE_CODE = YES;
				CLANG_WARN__DUPLICATE_METHOD_MATCH = YES;
				COPY_PHASE_STRIP = NO;
				DEBUG_INFORMATION_FORMAT = "dwarf-with-dsym";
				ENABLE_NS_ASSERTIONS = NO;
				ENABLE_STRICT_OBJC_MSGSEND = YES;
				ENABLE_USER_SCRIPT_SANDBOXING = YES;
				GCC_C_LANGUAGE_STANDARD = gnu17;
				GCC_NO_COMMON_BLOCKS = YES;
				GCC_WARN_64_TO_32_BIT_CONVERSION = YES;
				GCC_WARN_ABOUT_RETURN_TYPE = YES_ERROR;
				GCC_WARN_UNDECLARED_SELECTOR = YES;
				GCC_WARN_UNINITIALIZED_AUTOS = YES_AGGRESSIVE;
				GCC_WARN_UNUSED_FUNCTION = YES;
				GCC_WARN_UNUSED_VARIABLE = YES;
				IPHONEOS_DEPLOYMENT_TARGET = 17.0;
				LOCALIZATION_PREFERS_STRING_CATALOGS = YES;
				MTL_ENABLE_DEBUG_INFO = NO;
				MTL_FAST_MATH = YES;
				SDKROOT = iphoneos;
				SWIFT_COMPILATION_MODE = wholemodule;
				VALIDATE_PRODUCT = YES;
			};
			name = Release;
		};
		4EBAE7792AEBF19200C7FE5C /* Debug */ = {
			isa = XCBuildConfiguration;
			buildSettings = {
				ASSETCATALOG_COMPILER_APPICON_NAME = AppIcon;
				ASSETCATALOG_COMPILER_GLOBAL_ACCENT_COLOR_NAME = AccentColor;
				CODE_SIGN_STYLE = Automatic;
				CURRENT_PROJECT_VERSION = 1;
				GENERATE_INFOPLIST_FILE = YES;
				INFOPLIST_FILE = RunAwesome/AppStuff/Info.plist;
				INFOPLIST_KEY_UIApplicationSupportsIndirectInputEvents = YES;
				INFOPLIST_KEY_UILaunchStoryboardName = LaunchScreen;
				INFOPLIST_KEY_UISupportedInterfaceOrientations_iPad = "UIInterfaceOrientationPortrait UIInterfaceOrientationPortraitUpsideDown UIInterfaceOrientationLandscapeLeft UIInterfaceOrientationLandscapeRight";
				INFOPLIST_KEY_UISupportedInterfaceOrientations_iPhone = "UIInterfaceOrientationPortrait UIInterfaceOrientationLandscapeLeft UIInterfaceOrientationLandscapeRight";
				LD_RUNPATH_SEARCH_PATHS = (
					"$(inherited)",
					"@executable_path/Frameworks",
				);
				MARKETING_VERSION = 1.0;
				PRODUCT_BUNDLE_IDENTIFIER = com.barroso.RunAwesome;
				PRODUCT_NAME = "$(TARGET_NAME)";
				SWIFT_EMIT_LOC_STRINGS = YES;
				SWIFT_VERSION = 5.0;
				TARGETED_DEVICE_FAMILY = "1,2";
			};
			name = Debug;
		};
		4EBAE77A2AEBF19200C7FE5C /* Release */ = {
			isa = XCBuildConfiguration;
			buildSettings = {
				ASSETCATALOG_COMPILER_APPICON_NAME = AppIcon;
				ASSETCATALOG_COMPILER_GLOBAL_ACCENT_COLOR_NAME = AccentColor;
				CODE_SIGN_STYLE = Automatic;
				CURRENT_PROJECT_VERSION = 1;
				GENERATE_INFOPLIST_FILE = YES;
				INFOPLIST_FILE = RunAwesome/AppStuff/Info.plist;
				INFOPLIST_KEY_UIApplicationSupportsIndirectInputEvents = YES;
				INFOPLIST_KEY_UILaunchStoryboardName = LaunchScreen;
				INFOPLIST_KEY_UISupportedInterfaceOrientations_iPad = "UIInterfaceOrientationPortrait UIInterfaceOrientationPortraitUpsideDown UIInterfaceOrientationLandscapeLeft UIInterfaceOrientationLandscapeRight";
				INFOPLIST_KEY_UISupportedInterfaceOrientations_iPhone = "UIInterfaceOrientationPortrait UIInterfaceOrientationLandscapeLeft UIInterfaceOrientationLandscapeRight";
				LD_RUNPATH_SEARCH_PATHS = (
					"$(inherited)",
					"@executable_path/Frameworks",
				);
				MARKETING_VERSION = 1.0;
				PRODUCT_BUNDLE_IDENTIFIER = com.barroso.RunAwesome;
				PRODUCT_NAME = "$(TARGET_NAME)";
				SWIFT_EMIT_LOC_STRINGS = YES;
				SWIFT_VERSION = 5.0;
				TARGETED_DEVICE_FAMILY = "1,2";
			};
			name = Release;
		};
		4EBAE77C2AEBF19200C7FE5C /* Debug */ = {
			isa = XCBuildConfiguration;
			buildSettings = {
				ALWAYS_EMBED_SWIFT_STANDARD_LIBRARIES = YES;
				BUNDLE_LOADER = "$(TEST_HOST)";
				CODE_SIGN_STYLE = Automatic;
				CURRENT_PROJECT_VERSION = 1;
				GENERATE_INFOPLIST_FILE = YES;
				IPHONEOS_DEPLOYMENT_TARGET = 17.0;
				MARKETING_VERSION = 1.0;
				PRODUCT_BUNDLE_IDENTIFIER = com.barroso.RunAwesomeTests;
				PRODUCT_NAME = "$(TARGET_NAME)";
				SWIFT_EMIT_LOC_STRINGS = NO;
				SWIFT_VERSION = 5.0;
				TARGETED_DEVICE_FAMILY = "1,2";
				TEST_HOST = "$(BUILT_PRODUCTS_DIR)/RunAwesome.app/$(BUNDLE_EXECUTABLE_FOLDER_PATH)/RunAwesome";
			};
			name = Debug;
		};
		4EBAE77D2AEBF19200C7FE5C /* Release */ = {
			isa = XCBuildConfiguration;
			buildSettings = {
				ALWAYS_EMBED_SWIFT_STANDARD_LIBRARIES = YES;
				BUNDLE_LOADER = "$(TEST_HOST)";
				CODE_SIGN_STYLE = Automatic;
				CURRENT_PROJECT_VERSION = 1;
				GENERATE_INFOPLIST_FILE = YES;
				IPHONEOS_DEPLOYMENT_TARGET = 17.0;
				MARKETING_VERSION = 1.0;
				PRODUCT_BUNDLE_IDENTIFIER = com.barroso.RunAwesomeTests;
				PRODUCT_NAME = "$(TARGET_NAME)";
				SWIFT_EMIT_LOC_STRINGS = NO;
				SWIFT_VERSION = 5.0;
				TARGETED_DEVICE_FAMILY = "1,2";
				TEST_HOST = "$(BUILT_PRODUCTS_DIR)/RunAwesome.app/$(BUNDLE_EXECUTABLE_FOLDER_PATH)/RunAwesome";
			};
			name = Release;
		};
		4EBAE77F2AEBF19200C7FE5C /* Debug */ = {
			isa = XCBuildConfiguration;
			buildSettings = {
				ALWAYS_EMBED_SWIFT_STANDARD_LIBRARIES = YES;
				CODE_SIGN_STYLE = Automatic;
				CURRENT_PROJECT_VERSION = 1;
				GENERATE_INFOPLIST_FILE = YES;
				MARKETING_VERSION = 1.0;
				PRODUCT_BUNDLE_IDENTIFIER = com.barroso.RunAwesomeUITests;
				PRODUCT_NAME = "$(TARGET_NAME)";
				SWIFT_EMIT_LOC_STRINGS = NO;
				SWIFT_VERSION = 5.0;
				TARGETED_DEVICE_FAMILY = "1,2";
				TEST_TARGET_NAME = RunAwesome;
			};
			name = Debug;
		};
		4EBAE7802AEBF19200C7FE5C /* Release */ = {
			isa = XCBuildConfiguration;
			buildSettings = {
				ALWAYS_EMBED_SWIFT_STANDARD_LIBRARIES = YES;
				CODE_SIGN_STYLE = Automatic;
				CURRENT_PROJECT_VERSION = 1;
				GENERATE_INFOPLIST_FILE = YES;
				MARKETING_VERSION = 1.0;
				PRODUCT_BUNDLE_IDENTIFIER = com.barroso.RunAwesomeUITests;
				PRODUCT_NAME = "$(TARGET_NAME)";
				SWIFT_EMIT_LOC_STRINGS = NO;
				SWIFT_VERSION = 5.0;
				TARGETED_DEVICE_FAMILY = "1,2";
				TEST_TARGET_NAME = RunAwesome;
			};
			name = Release;
		};
/* End XCBuildConfiguration section */

/* Begin XCConfigurationList section */
		4EBAE7492AEBF19100C7FE5C /* Build configuration list for PBXProject "RunAwesome" */ = {
			isa = XCConfigurationList;
			buildConfigurations = (
				4EBAE7762AEBF19200C7FE5C /* Debug */,
				4EBAE7772AEBF19200C7FE5C /* Release */,
			);
			defaultConfigurationIsVisible = 0;
			defaultConfigurationName = Release;
		};
		4EBAE7782AEBF19200C7FE5C /* Build configuration list for PBXNativeTarget "RunAwesome" */ = {
			isa = XCConfigurationList;
			buildConfigurations = (
				4EBAE7792AEBF19200C7FE5C /* Debug */,
				4EBAE77A2AEBF19200C7FE5C /* Release */,
			);
			defaultConfigurationIsVisible = 0;
			defaultConfigurationName = Release;
		};
		4EBAE77B2AEBF19200C7FE5C /* Build configuration list for PBXNativeTarget "RunAwesomeTests" */ = {
			isa = XCConfigurationList;
			buildConfigurations = (
				4EBAE77C2AEBF19200C7FE5C /* Debug */,
				4EBAE77D2AEBF19200C7FE5C /* Release */,
			);
			defaultConfigurationIsVisible = 0;
			defaultConfigurationName = Release;
		};
		4EBAE77E2AEBF19200C7FE5C /* Build configuration list for PBXNativeTarget "RunAwesomeUITests" */ = {
			isa = XCConfigurationList;
			buildConfigurations = (
				4EBAE77F2AEBF19200C7FE5C /* Debug */,
				4EBAE7802AEBF19200C7FE5C /* Release */,
			);
			defaultConfigurationIsVisible = 0;
			defaultConfigurationName = Release;
		};
/* End XCConfigurationList section */
	};
	rootObject = 4EBAE7462AEBF19100C7FE5C /* Project object */;
}
